// !$*UTF8*$!
{
	archiveVersion = 1;
	classes = {
	};
	objectVersion = 56;
	objects = {

/* Begin PBXBuildFile section */
		6E72913029D34A2D00B72673 /* IATAApp.swift in Sources */ = {isa = PBXBuildFile; fileRef = 6E72912F29D34A2D00B72673 /* IATAApp.swift */; };
		6E72913429D34A2E00B72673 /* Assets.xcassets in Resources */ = {isa = PBXBuildFile; fileRef = 6E72913329D34A2E00B72673 /* Assets.xcassets */; };
		6E72913729D34A2E00B72673 /* Preview Assets.xcassets in Resources */ = {isa = PBXBuildFile; fileRef = 6E72913629D34A2E00B72673 /* Preview Assets.xcassets */; };
		6E91C47E29D395D3008D47BD /* MainView.swift in Sources */ = {isa = PBXBuildFile; fileRef = 6E91C47D29D395D3008D47BD /* MainView.swift */; };
		6E91C48829D39685008D47BD /* AirportIATA.json in Resources */ = {isa = PBXBuildFile; fileRef = 6E91C48729D39685008D47BD /* AirportIATA.json */; };
		6E91C48A29D39CBD008D47BD /* MainViewModel.swift in Sources */ = {isa = PBXBuildFile; fileRef = 6E91C48929D39CBD008D47BD /* MainViewModel.swift */; };
		6E91C48F29D3A79F008D47BD /* AirportContainer.swift in Sources */ = {isa = PBXBuildFile; fileRef = 6E91C48E29D3A79F008D47BD /* AirportContainer.swift */; };
		6E91C49129D3A7B1008D47BD /* Airport.swift in Sources */ = {isa = PBXBuildFile; fileRef = 6E91C49029D3A7B1008D47BD /* Airport.swift */; };
		6E91C49329D3A7FD008D47BD /* DummyData.swift in Sources */ = {isa = PBXBuildFile; fileRef = 6E91C49229D3A7FD008D47BD /* DummyData.swift */; };
		6E91C49529D3A8D7008D47BD /* AirportView.swift in Sources */ = {isa = PBXBuildFile; fileRef = 6E91C49429D3A8D7008D47BD /* AirportView.swift */; };
		6E91C49829D3B251008D47BD /* Array+Extensions.swift in Sources */ = {isa = PBXBuildFile; fileRef = 6E91C49729D3B251008D47BD /* Array+Extensions.swift */; };
/* End PBXBuildFile section */

/* Begin PBXFileReference section */
		6E72912C29D34A2D00B72673 /* IATA.app */ = {isa = PBXFileReference; explicitFileType = wrapper.application; includeInIndex = 0; path = IATA.app; sourceTree = BUILT_PRODUCTS_DIR; };
		6E72912F29D34A2D00B72673 /* IATAApp.swift */ = {isa = PBXFileReference; lastKnownFileType = sourcecode.swift; path = IATAApp.swift; sourceTree = "<group>"; };
		6E72913329D34A2E00B72673 /* Assets.xcassets */ = {isa = PBXFileReference; lastKnownFileType = folder.assetcatalog; path = Assets.xcassets; sourceTree = "<group>"; };
		6E72913629D34A2E00B72673 /* Preview Assets.xcassets */ = {isa = PBXFileReference; lastKnownFileType = folder.assetcatalog; path = "Preview Assets.xcassets"; sourceTree = "<group>"; };
		6E72913829D34A2E00B72673 /* IATA.entitlements */ = {isa = PBXFileReference; lastKnownFileType = text.plist.entitlements; path = IATA.entitlements; sourceTree = "<group>"; };
		6E91C47D29D395D3008D47BD /* MainView.swift */ = {isa = PBXFileReference; lastKnownFileType = sourcecode.swift; path = MainView.swift; sourceTree = "<group>"; };
		6E91C48729D39685008D47BD /* AirportIATA.json */ = {isa = PBXFileReference; fileEncoding = 4; lastKnownFileType = text.json; path = AirportIATA.json; sourceTree = "<group>"; };
		6E91C48929D39CBD008D47BD /* MainViewModel.swift */ = {isa = PBXFileReference; lastKnownFileType = sourcecode.swift; path = MainViewModel.swift; sourceTree = "<group>"; };
		6E91C48E29D3A79F008D47BD /* AirportContainer.swift */ = {isa = PBXFileReference; lastKnownFileType = sourcecode.swift; path = AirportContainer.swift; sourceTree = "<group>"; };
		6E91C49029D3A7B1008D47BD /* Airport.swift */ = {isa = PBXFileReference; lastKnownFileType = sourcecode.swift; path = Airport.swift; sourceTree = "<group>"; };
		6E91C49229D3A7FD008D47BD /* DummyData.swift */ = {isa = PBXFileReference; lastKnownFileType = sourcecode.swift; path = DummyData.swift; sourceTree = "<group>"; };
		6E91C49429D3A8D7008D47BD /* AirportView.swift */ = {isa = PBXFileReference; lastKnownFileType = sourcecode.swift; path = AirportView.swift; sourceTree = "<group>"; };
		6E91C49729D3B251008D47BD /* Array+Extensions.swift */ = {isa = PBXFileReference; lastKnownFileType = sourcecode.swift; path = "Array+Extensions.swift"; sourceTree = "<group>"; };
/* End PBXFileReference section */

/* Begin PBXFrameworksBuildPhase section */
		6E72912929D34A2D00B72673 /* Frameworks */ = {
			isa = PBXFrameworksBuildPhase;
			buildActionMask = 2147483647;
			files = (
			);
			runOnlyForDeploymentPostprocessing = 0;
		};
/* End PBXFrameworksBuildPhase section */

/* Begin PBXGroup section */
		6E72912329D34A2D00B72673 = {
			isa = PBXGroup;
			children = (
				6E72912E29D34A2D00B72673 /* IATA */,
				6E72912D29D34A2D00B72673 /* Products */,
			);
			sourceTree = "<group>";
		};
		6E72912D29D34A2D00B72673 /* Products */ = {
			isa = PBXGroup;
			children = (
				6E72912C29D34A2D00B72673 /* IATA.app */,
			);
			name = Products;
			sourceTree = "<group>";
		};
		6E72912E29D34A2D00B72673 /* IATA */ = {
			isa = PBXGroup;
			children = (
				6E72912F29D34A2D00B72673 /* IATAApp.swift */,
				6E91C48D29D3A785008D47BD /* Models */,
				6E91C48B29D3A772008D47BD /* ViewModels */,
				6E91C48C29D3A77D008D47BD /* Views */,
				6E91C49629D3B243008D47BD /* Utilities */,
				6E91C48629D39676008D47BD /* Resources */,
				6E91C48529D39611008D47BD /* Infrastructure */,
				6E72913529D34A2E00B72673 /* Preview Content */,
			);
			path = IATA;
			sourceTree = "<group>";
		};
		6E72913529D34A2E00B72673 /* Preview Content */ = {
			isa = PBXGroup;
			children = (
				6E72913629D34A2E00B72673 /* Preview Assets.xcassets */,
			);
			path = "Preview Content";
			sourceTree = "<group>";
		};
		6E91C48529D39611008D47BD /* Infrastructure */ = {
			isa = PBXGroup;
			children = (
				6E72913829D34A2E00B72673 /* IATA.entitlements */,
				6E72913329D34A2E00B72673 /* Assets.xcassets */,
			);
			path = Infrastructure;
			sourceTree = "<group>";
		};
		6E91C48629D39676008D47BD /* Resources */ = {
			isa = PBXGroup;
			children = (
				6E91C48729D39685008D47BD /* AirportIATA.json */,
				6E91C49229D3A7FD008D47BD /* DummyData.swift */,
			);
			path = Resources;
			sourceTree = "<group>";
		};
		6E91C48B29D3A772008D47BD /* ViewModels */ = {
			isa = PBXGroup;
			children = (
				6E91C48929D39CBD008D47BD /* MainViewModel.swift */,
			);
			path = ViewModels;
			sourceTree = "<group>";
		};
		6E91C48C29D3A77D008D47BD /* Views */ = {
			isa = PBXGroup;
			children = (
				6E91C47D29D395D3008D47BD /* MainView.swift */,
				6E91C49429D3A8D7008D47BD /* AirportView.swift */,
			);
			path = Views;
			sourceTree = "<group>";
		};
		6E91C48D29D3A785008D47BD /* Models */ = {
			isa = PBXGroup;
			children = (
				6E91C48E29D3A79F008D47BD /* AirportContainer.swift */,
				6E91C49029D3A7B1008D47BD /* Airport.swift */,
			);
			path = Models;
			sourceTree = "<group>";
		};
		6E91C49629D3B243008D47BD /* Utilities */ = {
			isa = PBXGroup;
			children = (
				6E91C49729D3B251008D47BD /* Array+Extensions.swift */,
			);
			path = Utilities;
			sourceTree = "<group>";
		};
/* End PBXGroup section */

/* Begin PBXNativeTarget section */
		6E72912B29D34A2D00B72673 /* IATA */ = {
			isa = PBXNativeTarget;
			buildConfigurationList = 6E72913B29D34A2E00B72673 /* Build configuration list for PBXNativeTarget "IATA" */;
			buildPhases = (
				6E72912829D34A2D00B72673 /* Sources */,
				6E72912929D34A2D00B72673 /* Frameworks */,
				6E72912A29D34A2D00B72673 /* Resources */,
			);
			buildRules = (
			);
			dependencies = (
			);
			name = IATA;
			productName = IATA;
			productReference = 6E72912C29D34A2D00B72673 /* IATA.app */;
			productType = "com.apple.product-type.application";
		};
/* End PBXNativeTarget section */

/* Begin PBXProject section */
		6E72912429D34A2D00B72673 /* Project object */ = {
			isa = PBXProject;
			attributes = {
				BuildIndependentTargetsInParallel = 1;
				LastSwiftUpdateCheck = 1420;
				LastUpgradeCheck = 1420;
				TargetAttributes = {
					6E72912B29D34A2D00B72673 = {
						CreatedOnToolsVersion = 14.2;
					};
				};
			};
			buildConfigurationList = 6E72912729D34A2D00B72673 /* Build configuration list for PBXProject "IATA" */;
			compatibilityVersion = "Xcode 14.0";
			developmentRegion = en;
			hasScannedForEncodings = 0;
			knownRegions = (
				en,
				Base,
			);
			mainGroup = 6E72912329D34A2D00B72673;
			productRefGroup = 6E72912D29D34A2D00B72673 /* Products */;
			projectDirPath = "";
			projectRoot = "";
			targets = (
				6E72912B29D34A2D00B72673 /* IATA */,
			);
		};
/* End PBXProject section */

/* Begin PBXResourcesBuildPhase section */
		6E72912A29D34A2D00B72673 /* Resources */ = {
			isa = PBXResourcesBuildPhase;
			buildActionMask = 2147483647;
			files = (
				6E72913729D34A2E00B72673 /* Preview Assets.xcassets in Resources */,
				6E72913429D34A2E00B72673 /* Assets.xcassets in Resources */,
				6E91C48829D39685008D47BD /* AirportIATA.json in Resources */,
			);
			runOnlyForDeploymentPostprocessing = 0;
		};
/* End PBXResourcesBuildPhase section */

/* Begin PBXSourcesBuildPhase section */
		6E72912829D34A2D00B72673 /* Sources */ = {
			isa = PBXSourcesBuildPhase;
			buildActionMask = 2147483647;
			files = (
				6E91C49329D3A7FD008D47BD /* DummyData.swift in Sources */,
				6E91C49129D3A7B1008D47BD /* Airport.swift in Sources */,
				6E91C48A29D39CBD008D47BD /* MainViewModel.swift in Sources */,
				6E91C49829D3B251008D47BD /* Array+Extensions.swift in Sources */,
				6E91C48F29D3A79F008D47BD /* AirportContainer.swift in Sources */,
				6E72913029D34A2D00B72673 /* IATAApp.swift in Sources */,
				6E91C47E29D395D3008D47BD /* MainView.swift in Sources */,
				6E91C49529D3A8D7008D47BD /* AirportView.swift in Sources */,
			);
			runOnlyForDeploymentPostprocessing = 0;
		};
/* End PBXSourcesBuildPhase section */

/* Begin XCBuildConfiguration section */
		6E72913929D34A2E00B72673 /* Debug */ = {
			isa = XCBuildConfiguration;
			buildSettings = {
				ALWAYS_SEARCH_USER_PATHS = NO;
				CLANG_ANALYZER_NONNULL = YES;
				CLANG_ANALYZER_NUMBER_OBJECT_CONVERSION = YES_AGGRESSIVE;
				CLANG_CXX_LANGUAGE_STANDARD = "gnu++20";
				CLANG_ENABLE_MODULES = YES;
				CLANG_ENABLE_OBJC_ARC = YES;
				CLANG_ENABLE_OBJC_WEAK = YES;
				CLANG_WARN_BLOCK_CAPTURE_AUTORELEASING = YES;
				CLANG_WARN_BOOL_CONVERSION = YES;
				CLANG_WARN_COMMA = YES;
				CLANG_WARN_CONSTANT_CONVERSION = YES;
				CLANG_WARN_DEPRECATED_OBJC_IMPLEMENTATIONS = YES;
				CLANG_WARN_DIRECT_OBJC_ISA_USAGE = YES_ERROR;
				CLANG_WARN_DOCUMENTATION_COMMENTS = YES;
				CLANG_WARN_EMPTY_BODY = YES;
				CLANG_WARN_ENUM_CONVERSION = YES;
				CLANG_WARN_INFINITE_RECURSION = YES;
				CLANG_WARN_INT_CONVERSION = YES;
				CLANG_WARN_NON_LITERAL_NULL_CONVERSION = YES;
				CLANG_WARN_OBJC_IMPLICIT_RETAIN_SELF = YES;
				CLANG_WARN_OBJC_LITERAL_CONVERSION = YES;
				CLANG_WARN_OBJC_ROOT_CLASS = YES_ERROR;
				CLANG_WARN_QUOTED_INCLUDE_IN_FRAMEWORK_HEADER = YES;
				CLANG_WARN_RANGE_LOOP_ANALYSIS = YES;
				CLANG_WARN_STRICT_PROTOTYPES = YES;
				CLANG_WARN_SUSPICIOUS_MOVE = YES;
				CLANG_WARN_UNGUARDED_AVAILABILITY = YES_AGGRESSIVE;
				CLANG_WARN_UNREACHABLE_CODE = YES;
				CLANG_WARN__DUPLICATE_METHOD_MATCH = YES;
				COPY_PHASE_STRIP = NO;
				DEBUG_INFORMATION_FORMAT = dwarf;
				ENABLE_STRICT_OBJC_MSGSEND = YES;
				ENABLE_TESTABILITY = YES;
				GCC_C_LANGUAGE_STANDARD = gnu11;
				GCC_DYNAMIC_NO_PIC = NO;
				GCC_NO_COMMON_BLOCKS = YES;
				GCC_OPTIMIZATION_LEVEL = 0;
				GCC_PREPROCESSOR_DEFINITIONS = (
					"DEBUG=1",
					"$(inherited)",
				);
				GCC_WARN_64_TO_32_BIT_CONVERSION = YES;
				GCC_WARN_ABOUT_RETURN_TYPE = YES_ERROR;
				GCC_WARN_UNDECLARED_SELECTOR = YES;
				GCC_WARN_UNINITIALIZED_AUTOS = YES_AGGRESSIVE;
				GCC_WARN_UNUSED_FUNCTION = YES;
				GCC_WARN_UNUSED_VARIABLE = YES;
				MACOSX_DEPLOYMENT_TARGET = 13.1;
				MTL_ENABLE_DEBUG_INFO = INCLUDE_SOURCE;
				MTL_FAST_MATH = YES;
				ONLY_ACTIVE_ARCH = YES;
				SDKROOT = macosx;
				SWIFT_ACTIVE_COMPILATION_CONDITIONS = DEBUG;
				SWIFT_OPTIMIZATION_LEVEL = "-Onone";
			};
			name = Debug;
		};
		6E72913A29D34A2E00B72673 /* Release */ = {
			isa = XCBuildConfiguration;
			buildSettings = {
				ALWAYS_SEARCH_USER_PATHS = NO;
				CLANG_ANALYZER_NONNULL = YES;
				CLANG_ANALYZER_NUMBER_OBJECT_CONVERSION = YES_AGGRESSIVE;
				CLANG_CXX_LANGUAGE_STANDARD = "gnu++20";
				CLANG_ENABLE_MODULES = YES;
				CLANG_ENABLE_OBJC_ARC = YES;
				CLANG_ENABLE_OBJC_WEAK = YES;
				CLANG_WARN_BLOCK_CAPTURE_AUTORELEASING = YES;
				CLANG_WARN_BOOL_CONVERSION = YES;
				CLANG_WARN_COMMA = YES;
				CLANG_WARN_CONSTANT_CONVERSION = YES;
				CLANG_WARN_DEPRECATED_OBJC_IMPLEMENTATIONS = YES;
				CLANG_WARN_DIRECT_OBJC_ISA_USAGE = YES_ERROR;
				CLANG_WARN_DOCUMENTATION_COMMENTS = YES;
				CLANG_WARN_EMPTY_BODY = YES;
				CLANG_WARN_ENUM_CONVERSION = YES;
				CLANG_WARN_INFINITE_RECURSION = YES;
				CLANG_WARN_INT_CONVERSION = YES;
				CLANG_WARN_NON_LITERAL_NULL_CONVERSION = YES;
				CLANG_WARN_OBJC_IMPLICIT_RETAIN_SELF = YES;
				CLANG_WARN_OBJC_LITERAL_CONVERSION = YES;
				CLANG_WARN_OBJC_ROOT_CLASS = YES_ERROR;
				CLANG_WARN_QUOTED_INCLUDE_IN_FRAMEWORK_HEADER = YES;
				CLANG_WARN_RANGE_LOOP_ANALYSIS = YES;
				CLANG_WARN_STRICT_PROTOTYPES = YES;
				CLANG_WARN_SUSPICIOUS_MOVE = YES;
				CLANG_WARN_UNGUARDED_AVAILABILITY = YES_AGGRESSIVE;
				CLANG_WARN_UNREACHABLE_CODE = YES;
				CLANG_WARN__DUPLICATE_METHOD_MATCH = YES;
				COPY_PHASE_STRIP = NO;
				DEBUG_INFORMATION_FORMAT = "dwarf-with-dsym";
				ENABLE_NS_ASSERTIONS = NO;
				ENABLE_STRICT_OBJC_MSGSEND = YES;
				GCC_C_LANGUAGE_STANDARD = gnu11;
				GCC_NO_COMMON_BLOCKS = YES;
				GCC_WARN_64_TO_32_BIT_CONVERSION = YES;
				GCC_WARN_ABOUT_RETURN_TYPE = YES_ERROR;
				GCC_WARN_UNDECLARED_SELECTOR = YES;
				GCC_WARN_UNINITIALIZED_AUTOS = YES_AGGRESSIVE;
				GCC_WARN_UNUSED_FUNCTION = YES;
				GCC_WARN_UNUSED_VARIABLE = YES;
				MACOSX_DEPLOYMENT_TARGET = 13.1;
				MTL_ENABLE_DEBUG_INFO = NO;
				MTL_FAST_MATH = YES;
				SDKROOT = macosx;
				SWIFT_COMPILATION_MODE = wholemodule;
				SWIFT_OPTIMIZATION_LEVEL = "-O";
			};
			name = Release;
		};
		6E72913C29D34A2E00B72673 /* Debug */ = {
			isa = XCBuildConfiguration;
			buildSettings = {
				ASSETCATALOG_COMPILER_APPICON_NAME = AppIcon;
				ASSETCATALOG_COMPILER_GLOBAL_ACCENT_COLOR_NAME = AccentColor;
				CODE_SIGN_ENTITLEMENTS = IATA/Infrastructure/IATA.entitlements;
				CODE_SIGN_STYLE = Automatic;
				COMBINE_HIDPI_IMAGES = YES;
				CURRENT_PROJECT_VERSION = 1;
				DEVELOPMENT_ASSET_PATHS = "\"IATA/Preview Content\"";
				DEVELOPMENT_TEAM = KSTSQ37TCC;
				ENABLE_HARDENED_RUNTIME = YES;
				ENABLE_PREVIEWS = YES;
				GENERATE_INFOPLIST_FILE = YES;
				INFOPLIST_KEY_LSUIElement = YES;
				INFOPLIST_KEY_NSHumanReadableCopyright = "";
				LD_RUNPATH_SEARCH_PATHS = (
					"$(inherited)",
					"@executable_path/../Frameworks",
				);
				MARKETING_VERSION = 1.0;
				PRODUCT_BUNDLE_IDENTIFIER = elmo.IATA;
				PRODUCT_NAME = "$(TARGET_NAME)";
				SWIFT_EMIT_LOC_STRINGS = YES;
				SWIFT_VERSION = 5.0;
			};
			name = Debug;
		};
		6E72913D29D34A2E00B72673 /* Release */ = {
			isa = XCBuildConfiguration;
			buildSettings = {
				ASSETCATALOG_COMPILER_APPICON_NAME = AppIcon;
				ASSETCATALOG_COMPILER_GLOBAL_ACCENT_COLOR_NAME = AccentColor;
				CODE_SIGN_ENTITLEMENTS = IATA/Infrastructure/IATA.entitlements;
				CODE_SIGN_STYLE = Automatic;
				COMBINE_HIDPI_IMAGES = YES;
				CURRENT_PROJECT_VERSION = 1;
				DEVELOPMENT_ASSET_PATHS = "\"IATA/Preview Content\"";
				DEVELOPMENT_TEAM = KSTSQ37TCC;
				ENABLE_HARDENED_RUNTIME = YES;
				ENABLE_PREVIEWS = YES;
				GENERATE_INFOPLIST_FILE = YES;
				INFOPLIST_KEY_LSUIElement = YES;
				INFOPLIST_KEY_NSHumanReadableCopyright = "";
				LD_RUNPATH_SEARCH_PATHS = (
					"$(inherited)",
					"@executable_path/../Frameworks",
				);
				MARKETING_VERSION = 1.0;
				PRODUCT_BUNDLE_IDENTIFIER = elmo.IATA;
				PRODUCT_NAME = "$(TARGET_NAME)";
				SWIFT_EMIT_LOC_STRINGS = YES;
				SWIFT_VERSION = 5.0;
			};
			name = Release;
		};
/* End XCBuildConfiguration section */

/* Begin XCConfigurationList section */
		6E72912729D34A2D00B72673 /* Build configuration list for PBXProject "IATA" */ = {
			isa = XCConfigurationList;
			buildConfigurations = (
				6E72913929D34A2E00B72673 /* Debug */,
				6E72913A29D34A2E00B72673 /* Release */,
			);
			defaultConfigurationIsVisible = 0;
			defaultConfigurationName = Release;
		};
		6E72913B29D34A2E00B72673 /* Build configuration list for PBXNativeTarget "IATA" */ = {
			isa = XCConfigurationList;
			buildConfigurations = (
				6E72913C29D34A2E00B72673 /* Debug */,
				6E72913D29D34A2E00B72673 /* Release */,
			);
			defaultConfigurationIsVisible = 0;
			defaultConfigurationName = Release;
		};
/* End XCConfigurationList section */
	};
	rootObject = 6E72912429D34A2D00B72673 /* Project object */;
}
